
Microsoft Visual Studio Solution File, Format Version 12.00
# Visual Studio Version 17
VisualStudioVersion = 17.7.34031.279
MinimumVisualStudioVersion = 10.0.40219.1
Project("{FAE04EC0-301F-11D3-BF4B-00C04F79EFBC}") = "TurnUp_portal2023", "TurnUp_portal2023.csproj", "{0CB12C78-FB0E-4C4F-8377-E56BAF51AF27}"
EndProject
Global
	GlobalSection(SolutionConfigurationPlatforms) = preSolution
		Debug|Any CPU = Debug|Any CPU
		Release|Any CPU = Release|Any CPU
	EndGlobalSection
	GlobalSection(ProjectConfigurationPlatforms) = postSolution
		{0CB12C78-FB0E-4C4F-8377-E56BAF51AF27}.Debug|Any CPU.ActiveCfg = Debug|Any CPU
		{0CB12C78-FB0E-4C4F-8377-E56BAF51AF27}.Debug|Any CPU.Build.0 = Debug|Any CPU
		{0CB12C78-FB0E-4C4F-8377-E56BAF51AF27}.Release|Any CPU.ActiveCfg = Release|Any CPU
		{0CB12C78-FB0E-4C4F-8377-E56BAF51AF27}.Release|Any CPU.Build.0 = Release|Any CPU
	EndGlobalSection
	GlobalSection(SolutionProperties) = preSolution
		HideSolutionNode = FALSE
	EndGlobalSection
	GlobalSection(ExtensibilityGlobals) = postSolution
		SolutionGuid = {34277994-4DCD-47AA-93FC-857B5D9187F2}
	EndGlobalSection
EndGlobal
