
Microsoft Visual Studio Solution File, Format Version 12.00
# Visual Studio Version 17
VisualStudioVersion = 17.7.34031.279
MinimumVisualStudioVersion = 10.0.40219.1
Project("{FAE04EC0-301F-11D3-BF4B-00C04F79EFBC}") = "TurnUpPortal2023", "TurnUpPortal2023.csproj", "{84D14A0C-87AE-4626-B8A9-2104DFB2E89A}"
EndProject
Global
	GlobalSection(SolutionConfigurationPlatforms) = preSolution
		Debug|Any CPU = Debug|Any CPU
		Release|Any CPU = Release|Any CPU
	EndGlobalSection
	GlobalSection(ProjectConfigurationPlatforms) = postSolution
		{84D14A0C-87AE-4626-B8A9-2104DFB2E89A}.Debug|Any CPU.ActiveCfg = Debug|Any CPU
		{84D14A0C-87AE-4626-B8A9-2104DFB2E89A}.Debug|Any CPU.Build.0 = Debug|Any CPU
		{84D14A0C-87AE-4626-B8A9-2104DFB2E89A}.Release|Any CPU.ActiveCfg = Release|Any CPU
		{84D14A0C-87AE-4626-B8A9-2104DFB2E89A}.Release|Any CPU.Build.0 = Release|Any CPU
	EndGlobalSection
	GlobalSection(SolutionProperties) = preSolution
		HideSolutionNode = FALSE
	EndGlobalSection
	GlobalSection(ExtensibilityGlobals) = postSolution
		SolutionGuid = {C31EEA98-B4FD-41DA-B588-F970DADF61C9}
	EndGlobalSection
EndGlobal
